<Solution>
  <Folder Name="/Controls/" />
  <Folder Name="/Plugins/">
    <Project Path="Plugins/Pl.Case.Categorize/Pl.Case.Categorize.csproj" />
    <Project Path="Plugins/Pl.Case.CustomerSync/Pl.Case.CustomerSync.csproj" />
    <Project Path="Plugins/Pl.Case.SlaAssignment/Pl.Case.SlaAssignment.csproj" />
    <Project Path="Plugins/Pl.CaseInteraction.CaseSync/Pl.CaseInteraction.CaseSync.csproj" />
    <Project Path="Plugins/Pl.CompanyProfile.SingleRecordGuard/Pl.CompanyProfile.SingleRecordGuard.csproj" />
    <Project Path="Plugins/Pl.Lead.PromoteLead/Pl.Lead.PromoteLead.csproj" Id="7c4b1e2a-9d3f-4a6b-b1c8-2e5f0a9d7c11" />
    <Project Path="Plugins/Pl.Lead.Triage/Pl.Lead.Triage.csproj" />
    <Project Path="Plugins/Pl.Meeting.Associate/Pl.Meeting.Associate.csproj" Id="7c3f1a92-4b6d-4e21-9f0a-2d5c8e1b4a77" />
    <Project Path="Plugins/Pl.Meeting.BuildEmailDraft/Pl.Meeting.BuildEmailDraft.csproj" Id="3e9b6c05-7a41-4d8f-b2e6-9c1470f5a2d3" />
    <Project Path="Plugins/Pl.Meeting.Capture/Pl.Meeting.Capture.csproj" Id="3e9a7c41-52b8-4d6e-9f1a-7c2d8b0e5a33" />
    <Project Path="Plugins/Pl.Opportunity.CloseOrchestrator/Pl.Opportunity.CloseOrchestrator.csproj" />
    <Project Path="Plugins/Pl.Opportunity.CustomerSync/Pl.Opportunity.CustomerSync.csproj" />
    <Project Path="Plugins/Pl.Opportunity.LifecycleTracker/Pl.Opportunity.LifecycleTracker.csproj" Id="988e38d4-30a1-4a89-b4ba-90d6c41b2ca8" />
    <Project Path="Plugins/Pl.Proposal.BuildEmailDraft/Pl.Proposal.BuildEmailDraft.csproj" />
    <Project Path="Plugins/Pl.Proposal.CloneVersion/Pl.Proposal.CloneVersion.csproj" />
    <Project Path="Plugins/Pl.Proposal.LifecycleTracker/Pl.Proposal.LifecycleTracker.csproj" />
    <Project Path="Plugins/Pl.ProposalLine.Calculator/Pl.ProposalLine.Calculator.csproj" />
    <Project Path="Plugins/Pl.SystemSettings.SingleRecordGuard/Pl.SystemSettings.SingleRecordGuard.csproj" />
  </Folder>
  <Folder Name="/Solution/" />
  <Folder Name="/WebResources/" />
  <Folder Name="/WebResources/js/">
    <File Path="WebResources/js/tavu_account_form.js" />
    <File Path="WebResources/js/tavu_contact_form.js" />
    <File Path="WebResources/js/tavu_lead_form.js" />
    <File Path="WebResources/js/tavu_opportunity_form.js" />
    <File Path="WebResources/js/tavu_product_form.js" />
    <File Path="WebResources/js/tavu_proposalline_form.js" />
    <File Path="WebResources/js/tavu_proposal_form.js" />
  </Folder>
  <Folder Name="/Workflows/" />
  <Folder Name="/_shared/" />
  <Folder Name="/_shared/AI/">
    <File Path="_Shared/AI/AIConfigResolver.cs" />
    <File Path="_Shared/AI/AIProviderFactory.cs" />
    <File Path="_Shared/AI/AzureOpenAIProvider.cs" />
    <File Path="_Shared/AI/IAIProvider.cs" />
    <File Path="_Shared/AI/OpenAIProvider.cs" />
  </Folder>
  <Folder Name="/_shared/Common/">
    <File Path="_Shared/Common/LocalPluginContext.cs" />
    <File Path="_Shared/Common/PluginBase.cs" />
  </Folder>
</Solution>
