<Solution>
  <Folder Name="/Plugins/">
    <Project Path="Plugins/Pl.Opportunity.CustomerSync/Pl.Opportunity.CustomerSync.csproj" />
    <Project Path="Plugins/Pl.Opportunity.LifecycleTracker/Pl.Opportunity.LifecycleTracker.csproj" Id="988e38d4-30a1-4a89-b4ba-90d6c41b2ca8" />
    <Project Path="Plugins/Pl.ProposalLine.Calculator/Pl.ProposalLine.Calculator.csproj" />
  </Folder>
  <Folder Name="/Solution/" />
  <Folder Name="/WebResources/" />
  <Folder Name="/WebResources/js/">
    <File Path="WebResources/js/tavu_contact_form.js" />
    <File Path="WebResources/js/tavu_opportunity_form.js" />
    <File Path="WebResources/js/tavu_proposalline_form.js" />
  </Folder>
  <Folder Name="/Workflows/" />
  <Folder Name="/_shared/">
    <File Path="_Shared/Common/LocalPluginContext.cs" />
    <File Path="_Shared/Common/PluginBase.cs" />
  </Folder>
</Solution>
